
Microsoft Visual Studio Solution File, Format Version 12.00
# Visual Studio Version 17
VisualStudioVersion = 17.2.32526.322
MinimumVisualStudioVersion = 10.0.40219.1
Project("{9A19103F-16F7-4668-BE54-9A1E7A4F7556}") = "JeremyAnsel.LibNoiseShader", "JeremyAnsel.LibNoiseShader\JeremyAnsel.LibNoiseShader.csproj", "{3FA820ED-A0FA-436E-993D-87741A79D209}"
EndProject
Project("{FAE04EC0-301F-11D3-BF4B-00C04F79EFBC}") = "Documentation", "Documentation\Documentation.csproj", "{4CA831E3-4A55-420C-B107-0223429B5D25}"
	ProjectSection(ProjectDependencies) = postProject
		{3FA820ED-A0FA-436E-993D-87741A79D209} = {3FA820ED-A0FA-436E-993D-87741A79D209}
	EndProjectSection
EndProject
Global
	GlobalSection(SolutionConfigurationPlatforms) = preSolution
		Debug|Any CPU = Debug|Any CPU
		Release|Any CPU = Release|Any CPU
	EndGlobalSection
	GlobalSection(ProjectConfigurationPlatforms) = postSolution
		{3FA820ED-A0FA-436E-993D-87741A79D209}.Debug|Any CPU.ActiveCfg = Debug|Any CPU
		{3FA820ED-A0FA-436E-993D-87741A79D209}.Debug|Any CPU.Build.0 = Debug|Any CPU
		{3FA820ED-A0FA-436E-993D-87741A79D209}.Release|Any CPU.ActiveCfg = Release|Any CPU
		{3FA820ED-A0FA-436E-993D-87741A79D209}.Release|Any CPU.Build.0 = Release|Any CPU
		{4CA831E3-4A55-420C-B107-0223429B5D25}.Debug|Any CPU.ActiveCfg = Debug|Any CPU
		{4CA831E3-4A55-420C-B107-0223429B5D25}.Release|Any CPU.ActiveCfg = Release|Any CPU
		{4CA831E3-4A55-420C-B107-0223429B5D25}.Release|Any CPU.Build.0 = Release|Any CPU
	EndGlobalSection
	GlobalSection(SolutionProperties) = preSolution
		HideSolutionNode = FALSE
	EndGlobalSection
	GlobalSection(ExtensibilityGlobals) = postSolution
		SolutionGuid = {BF26A369-A053-41F8-8F52-B1755385C6BE}
	EndGlobalSection
EndGlobal
